
Microsoft Visual Studio Solution File, Format Version 12.00
# Visual Studio Version 17
VisualStudioVersion = 17.0.31903.59
MinimumVisualStudioVersion = 10.0.40219.1
Project("{FAE04EC0-301F-11D3-BF4B-00C04F79EFBC}") = "SarnautCore", "SarnautCore.csproj", "{1B588699-08C5-482E-862B-7C1E508D7311}"
EndProject
Project("{FAE04EC0-301F-11D3-BF4B-00C04F79EFBC}") = "SarnautCore.Network", "src\SarnautCore.Network\SarnautCore.Network.csproj", "{36BC2A44-D912-4927-8D50-EE20D08C41BD}"
EndProject
Project("{FAE04EC0-301F-11D3-BF4B-00C04F79EFBC}") = "SarnautCore.Gameplay", "src\SarnautCore.Gameplay\SarnautCore.Gameplay.csproj", "{9B27A4F1-7A3D-4C6F-9E81-3F0A2B7C5D11}"
EndProject
Project("{FAE04EC0-301F-11D3-BF4B-00C04F79EFBC}") = "SarnautCore.NetSmoke", "tools\SarnautCore.NetSmoke\SarnautCore.NetSmoke.csproj", "{4AAB63BA-8972-4E7B-A5C1-8528D49538B5}"
EndProject
Project("{FAE04EC0-301F-11D3-BF4B-00C04F79EFBC}") = "SarnautCore.Network.Tests", "tests\SarnautCore.Network.Tests\SarnautCore.Network.Tests.csproj", "{D4420B71-B087-487F-91EC-AB913A60D7D8}"
EndProject
Project("{FAE04EC0-301F-11D3-BF4B-00C04F79EFBC}") = "SarnautCore.Gameplay.Tests", "tests\SarnautCore.Gameplay.Tests\SarnautCore.Gameplay.Tests.csproj", "{C4E8D263-1B56-4D9A-A7F2-8C3B6E0D9145}"
EndProject
Project("{2150E333-8FDC-42A3-9474-1A3956D46DE8}") = "src", "src", "{827E0CD3-B72D-47B6-A68D-7590B98EB39B}"
EndProject
Project("{FAE04EC0-301F-11D3-BF4B-00C04F79EFBC}") = "SarnautCore.Shell", "src\SarnautCore.Shell\SarnautCore.Shell.csproj", "{38EFC339-18E8-4BD3-9049-9E45AC073232}"
EndProject
Project("{2150E333-8FDC-42A3-9474-1A3956D46DE8}") = "tests", "tests", "{0AB3BF05-4346-4AA6-1389-037BE0695223}"
EndProject
Project("{FAE04EC0-301F-11D3-BF4B-00C04F79EFBC}") = "SarnautCore.Shell.Tests", "tests\SarnautCore.Shell.Tests\SarnautCore.Shell.Tests.csproj", "{5841AFC5-4EA6-419E-8943-BFD548BA5094}"
EndProject
Project("{2150E333-8FDC-42A3-9474-1A3956D46DE8}") = "tools", "tools", "{07C2787E-EAC7-C090-1BA3-A61EC2A24D84}"
EndProject
Project("{FAE04EC0-301F-11D3-BF4B-00C04F79EFBC}") = "SarnautCore.EntityBench", "tools\SarnautCore.EntityBench\SarnautCore.EntityBench.csproj", "{55FAB463-EB53-4CDD-96F1-2A3223682626}"
EndProject
Project("{FAE04EC0-301F-11D3-BF4B-00C04F79EFBC}") = "SarnautCore.UI", "src\SarnautCore.UI\SarnautCore.UI.csproj", "{30CCC4B2-4F39-42F5-9B16-4C8E4C1B5DD0}"
EndProject
Project("{FAE04EC0-301F-11D3-BF4B-00C04F79EFBC}") = "SarnautCore.UI.Tests", "tests\SarnautCore.UI.Tests\SarnautCore.UI.Tests.csproj", "{4AFC06B4-800A-4A68-9D4C-D361E8D5AF22}"
EndProject
Project("{FAE04EC0-301F-11D3-BF4B-00C04F79EFBC}") = "SarnautCore.Content", "src\SarnautCore.Content\SarnautCore.Content.csproj", "{7A3F22D5-F92F-47F3-B001-3DA1A97ECF2F}"
EndProject
Project("{FAE04EC0-301F-11D3-BF4B-00C04F79EFBC}") = "SarnautCore.Content.Tests", "tests\SarnautCore.Content.Tests\SarnautCore.Content.Tests.csproj", "{298A974F-C5AD-4345-B6A5-CECE4B5EF7BA}"
EndProject
Project("{FAE04EC0-301F-11D3-BF4B-00C04F79EFBC}") = "SarnautCore.NativeTrade", "src\SarnautCore.NativeTrade\SarnautCore.NativeTrade.csproj", "{3E28BA9E-CCAC-4FD9-974C-46E5370A3199}"
EndProject
Project("{FAE04EC0-301F-11D3-BF4B-00C04F79EFBC}") = "SarnautCore.NativeTrade.Tests", "tests\SarnautCore.NativeTrade.Tests\SarnautCore.NativeTrade.Tests.csproj", "{1734571E-80EC-43C9-969A-7D749BD77B46}"
EndProject
Global
	GlobalSection(SolutionConfigurationPlatforms) = preSolution
		Debug|Any CPU = Debug|Any CPU
		Debug|x64 = Debug|x64
		Debug|x86 = Debug|x86
		ExportDebug|Any CPU = ExportDebug|Any CPU
		ExportDebug|x64 = ExportDebug|x64
		ExportDebug|x86 = ExportDebug|x86
		ExportRelease|Any CPU = ExportRelease|Any CPU
		ExportRelease|x64 = ExportRelease|x64
		ExportRelease|x86 = ExportRelease|x86
		Release|Any CPU = Release|Any CPU
		Release|x64 = Release|x64
		Release|x86 = Release|x86
	EndGlobalSection
	GlobalSection(ProjectConfigurationPlatforms) = postSolution
		{1B588699-08C5-482E-862B-7C1E508D7311}.Debug|Any CPU.ActiveCfg = Debug|Any CPU
		{1B588699-08C5-482E-862B-7C1E508D7311}.Debug|Any CPU.Build.0 = Debug|Any CPU
		{1B588699-08C5-482E-862B-7C1E508D7311}.Debug|x64.ActiveCfg = Debug|Any CPU
		{1B588699-08C5-482E-862B-7C1E508D7311}.Debug|x64.Build.0 = Debug|Any CPU
		{1B588699-08C5-482E-862B-7C1E508D7311}.Debug|x86.ActiveCfg = Debug|Any CPU
		{1B588699-08C5-482E-862B-7C1E508D7311}.Debug|x86.Build.0 = Debug|Any CPU
		{1B588699-08C5-482E-862B-7C1E508D7311}.ExportDebug|Any CPU.ActiveCfg = ExportDebug|Any CPU
		{1B588699-08C5-482E-862B-7C1E508D7311}.ExportDebug|Any CPU.Build.0 = ExportDebug|Any CPU
		{1B588699-08C5-482E-862B-7C1E508D7311}.ExportDebug|x64.ActiveCfg = ExportDebug|Any CPU
		{1B588699-08C5-482E-862B-7C1E508D7311}.ExportDebug|x64.Build.0 = ExportDebug|Any CPU
		{1B588699-08C5-482E-862B-7C1E508D7311}.ExportDebug|x86.ActiveCfg = ExportDebug|Any CPU
		{1B588699-08C5-482E-862B-7C1E508D7311}.ExportDebug|x86.Build.0 = ExportDebug|Any CPU
		{1B588699-08C5-482E-862B-7C1E508D7311}.ExportRelease|Any CPU.ActiveCfg = ExportRelease|Any CPU
		{1B588699-08C5-482E-862B-7C1E508D7311}.ExportRelease|Any CPU.Build.0 = ExportRelease|Any CPU
		{1B588699-08C5-482E-862B-7C1E508D7311}.ExportRelease|x64.ActiveCfg = ExportRelease|Any CPU
		{1B588699-08C5-482E-862B-7C1E508D7311}.ExportRelease|x64.Build.0 = ExportRelease|Any CPU
		{1B588699-08C5-482E-862B-7C1E508D7311}.ExportRelease|x86.ActiveCfg = ExportRelease|Any CPU
		{1B588699-08C5-482E-862B-7C1E508D7311}.ExportRelease|x86.Build.0 = ExportRelease|Any CPU
		{1B588699-08C5-482E-862B-7C1E508D7311}.Release|Any CPU.ActiveCfg = Release|Any CPU
		{1B588699-08C5-482E-862B-7C1E508D7311}.Release|Any CPU.Build.0 = Release|Any CPU
		{1B588699-08C5-482E-862B-7C1E508D7311}.Release|x64.ActiveCfg = Release|Any CPU
		{1B588699-08C5-482E-862B-7C1E508D7311}.Release|x64.Build.0 = Release|Any CPU
		{1B588699-08C5-482E-862B-7C1E508D7311}.Release|x86.ActiveCfg = Release|Any CPU
		{1B588699-08C5-482E-862B-7C1E508D7311}.Release|x86.Build.0 = Release|Any CPU
		{36BC2A44-D912-4927-8D50-EE20D08C41BD}.Debug|Any CPU.ActiveCfg = Debug|Any CPU
		{36BC2A44-D912-4927-8D50-EE20D08C41BD}.Debug|Any CPU.Build.0 = Debug|Any CPU
		{36BC2A44-D912-4927-8D50-EE20D08C41BD}.Debug|x64.ActiveCfg = Debug|Any CPU
		{36BC2A44-D912-4927-8D50-EE20D08C41BD}.Debug|x64.Build.0 = Debug|Any CPU
		{36BC2A44-D912-4927-8D50-EE20D08C41BD}.Debug|x86.ActiveCfg = Debug|Any CPU
		{36BC2A44-D912-4927-8D50-EE20D08C41BD}.Debug|x86.Build.0 = Debug|Any CPU
		{36BC2A44-D912-4927-8D50-EE20D08C41BD}.ExportDebug|Any CPU.ActiveCfg = Debug|Any CPU
		{36BC2A44-D912-4927-8D50-EE20D08C41BD}.ExportDebug|Any CPU.Build.0 = Debug|Any CPU
		{36BC2A44-D912-4927-8D50-EE20D08C41BD}.ExportDebug|x64.ActiveCfg = ExportDebug|Any CPU
		{36BC2A44-D912-4927-8D50-EE20D08C41BD}.ExportDebug|x64.Build.0 = ExportDebug|Any CPU
		{36BC2A44-D912-4927-8D50-EE20D08C41BD}.ExportDebug|x86.ActiveCfg = ExportDebug|Any CPU
		{36BC2A44-D912-4927-8D50-EE20D08C41BD}.ExportDebug|x86.Build.0 = ExportDebug|Any CPU
		{36BC2A44-D912-4927-8D50-EE20D08C41BD}.ExportRelease|Any CPU.ActiveCfg = Release|Any CPU
		{36BC2A44-D912-4927-8D50-EE20D08C41BD}.ExportRelease|Any CPU.Build.0 = Release|Any CPU
		{36BC2A44-D912-4927-8D50-EE20D08C41BD}.ExportRelease|x64.ActiveCfg = ExportRelease|Any CPU
		{36BC2A44-D912-4927-8D50-EE20D08C41BD}.ExportRelease|x64.Build.0 = ExportRelease|Any CPU
		{36BC2A44-D912-4927-8D50-EE20D08C41BD}.ExportRelease|x86.ActiveCfg = ExportRelease|Any CPU
		{36BC2A44-D912-4927-8D50-EE20D08C41BD}.ExportRelease|x86.Build.0 = ExportRelease|Any CPU
		{36BC2A44-D912-4927-8D50-EE20D08C41BD}.Release|Any CPU.ActiveCfg = Release|Any CPU
		{36BC2A44-D912-4927-8D50-EE20D08C41BD}.Release|Any CPU.Build.0 = Release|Any CPU
		{36BC2A44-D912-4927-8D50-EE20D08C41BD}.Release|x64.ActiveCfg = Release|Any CPU
		{36BC2A44-D912-4927-8D50-EE20D08C41BD}.Release|x64.Build.0 = Release|Any CPU
		{36BC2A44-D912-4927-8D50-EE20D08C41BD}.Release|x86.ActiveCfg = Release|Any CPU
		{36BC2A44-D912-4927-8D50-EE20D08C41BD}.Release|x86.Build.0 = Release|Any CPU
		{9B27A4F1-7A3D-4C6F-9E81-3F0A2B7C5D11}.Debug|Any CPU.ActiveCfg = Debug|Any CPU
		{9B27A4F1-7A3D-4C6F-9E81-3F0A2B7C5D11}.Debug|Any CPU.Build.0 = Debug|Any CPU
		{9B27A4F1-7A3D-4C6F-9E81-3F0A2B7C5D11}.Debug|x64.ActiveCfg = Debug|Any CPU
		{9B27A4F1-7A3D-4C6F-9E81-3F0A2B7C5D11}.Debug|x64.Build.0 = Debug|Any CPU
		{9B27A4F1-7A3D-4C6F-9E81-3F0A2B7C5D11}.Debug|x86.ActiveCfg = Debug|Any CPU
		{9B27A4F1-7A3D-4C6F-9E81-3F0A2B7C5D11}.Debug|x86.Build.0 = Debug|Any CPU
		{9B27A4F1-7A3D-4C6F-9E81-3F0A2B7C5D11}.ExportDebug|Any CPU.ActiveCfg = Debug|Any CPU
		{9B27A4F1-7A3D-4C6F-9E81-3F0A2B7C5D11}.ExportDebug|Any CPU.Build.0 = Debug|Any CPU
		{9B27A4F1-7A3D-4C6F-9E81-3F0A2B7C5D11}.ExportDebug|x64.ActiveCfg = Debug|Any CPU
		{9B27A4F1-7A3D-4C6F-9E81-3F0A2B7C5D11}.ExportDebug|x64.Build.0 = Debug|Any CPU
		{9B27A4F1-7A3D-4C6F-9E81-3F0A2B7C5D11}.ExportDebug|x86.ActiveCfg = Debug|Any CPU
		{9B27A4F1-7A3D-4C6F-9E81-3F0A2B7C5D11}.ExportDebug|x86.Build.0 = Debug|Any CPU
		{9B27A4F1-7A3D-4C6F-9E81-3F0A2B7C5D11}.ExportRelease|Any CPU.ActiveCfg = Release|Any CPU
		{9B27A4F1-7A3D-4C6F-9E81-3F0A2B7C5D11}.ExportRelease|Any CPU.Build.0 = Release|Any CPU
		{9B27A4F1-7A3D-4C6F-9E81-3F0A2B7C5D11}.ExportRelease|x64.ActiveCfg = Release|Any CPU
		{9B27A4F1-7A3D-4C6F-9E81-3F0A2B7C5D11}.ExportRelease|x64.Build.0 = Release|Any CPU
		{9B27A4F1-7A3D-4C6F-9E81-3F0A2B7C5D11}.ExportRelease|x86.ActiveCfg = Release|Any CPU
		{9B27A4F1-7A3D-4C6F-9E81-3F0A2B7C5D11}.ExportRelease|x86.Build.0 = Release|Any CPU
		{9B27A4F1-7A3D-4C6F-9E81-3F0A2B7C5D11}.Release|Any CPU.ActiveCfg = Release|Any CPU
		{9B27A4F1-7A3D-4C6F-9E81-3F0A2B7C5D11}.Release|Any CPU.Build.0 = Release|Any CPU
		{9B27A4F1-7A3D-4C6F-9E81-3F0A2B7C5D11}.Release|x64.ActiveCfg = Release|Any CPU
		{9B27A4F1-7A3D-4C6F-9E81-3F0A2B7C5D11}.Release|x64.Build.0 = Release|Any CPU
		{9B27A4F1-7A3D-4C6F-9E81-3F0A2B7C5D11}.Release|x86.ActiveCfg = Release|Any CPU
		{9B27A4F1-7A3D-4C6F-9E81-3F0A2B7C5D11}.Release|x86.Build.0 = Release|Any CPU
		{4AAB63BA-8972-4E7B-A5C1-8528D49538B5}.Debug|Any CPU.ActiveCfg = Debug|Any CPU
		{4AAB63BA-8972-4E7B-A5C1-8528D49538B5}.Debug|Any CPU.Build.0 = Debug|Any CPU
		{4AAB63BA-8972-4E7B-A5C1-8528D49538B5}.Debug|x64.ActiveCfg = Debug|Any CPU
		{4AAB63BA-8972-4E7B-A5C1-8528D49538B5}.Debug|x64.Build.0 = Debug|Any CPU
		{4AAB63BA-8972-4E7B-A5C1-8528D49538B5}.Debug|x86.ActiveCfg = Debug|Any CPU
		{4AAB63BA-8972-4E7B-A5C1-8528D49538B5}.Debug|x86.Build.0 = Debug|Any CPU
		{4AAB63BA-8972-4E7B-A5C1-8528D49538B5}.ExportDebug|Any CPU.ActiveCfg = Debug|Any CPU
		{4AAB63BA-8972-4E7B-A5C1-8528D49538B5}.ExportDebug|Any CPU.Build.0 = Debug|Any CPU
		{4AAB63BA-8972-4E7B-A5C1-8528D49538B5}.ExportDebug|x64.ActiveCfg = ExportDebug|Any CPU
		{4AAB63BA-8972-4E7B-A5C1-8528D49538B5}.ExportDebug|x64.Build.0 = ExportDebug|Any CPU
		{4AAB63BA-8972-4E7B-A5C1-8528D49538B5}.ExportDebug|x86.ActiveCfg = ExportDebug|Any CPU
		{4AAB63BA-8972-4E7B-A5C1-8528D49538B5}.ExportDebug|x86.Build.0 = ExportDebug|Any CPU
		{4AAB63BA-8972-4E7B-A5C1-8528D49538B5}.ExportRelease|Any CPU.ActiveCfg = Release|Any CPU
		{4AAB63BA-8972-4E7B-A5C1-8528D49538B5}.ExportRelease|Any CPU.Build.0 = Release|Any CPU
		{4AAB63BA-8972-4E7B-A5C1-8528D49538B5}.ExportRelease|x64.ActiveCfg = ExportRelease|Any CPU
		{4AAB63BA-8972-4E7B-A5C1-8528D49538B5}.ExportRelease|x64.Build.0 = ExportRelease|Any CPU
		{4AAB63BA-8972-4E7B-A5C1-8528D49538B5}.ExportRelease|x86.ActiveCfg = ExportRelease|Any CPU
		{4AAB63BA-8972-4E7B-A5C1-8528D49538B5}.ExportRelease|x86.Build.0 = ExportRelease|Any CPU
		{4AAB63BA-8972-4E7B-A5C1-8528D49538B5}.Release|Any CPU.ActiveCfg = Release|Any CPU
		{4AAB63BA-8972-4E7B-A5C1-8528D49538B5}.Release|Any CPU.Build.0 = Release|Any CPU
		{4AAB63BA-8972-4E7B-A5C1-8528D49538B5}.Release|x64.ActiveCfg = Release|Any CPU
		{4AAB63BA-8972-4E7B-A5C1-8528D49538B5}.Release|x64.Build.0 = Release|Any CPU
		{4AAB63BA-8972-4E7B-A5C1-8528D49538B5}.Release|x86.ActiveCfg = Release|Any CPU
		{4AAB63BA-8972-4E7B-A5C1-8528D49538B5}.Release|x86.Build.0 = Release|Any CPU
		{D4420B71-B087-487F-91EC-AB913A60D7D8}.Debug|Any CPU.ActiveCfg = Debug|Any CPU
		{D4420B71-B087-487F-91EC-AB913A60D7D8}.Debug|Any CPU.Build.0 = Debug|Any CPU
		{D4420B71-B087-487F-91EC-AB913A60D7D8}.Debug|x64.ActiveCfg = Debug|Any CPU
		{D4420B71-B087-487F-91EC-AB913A60D7D8}.Debug|x64.Build.0 = Debug|Any CPU
		{D4420B71-B087-487F-91EC-AB913A60D7D8}.Debug|x86.ActiveCfg = Debug|Any CPU
		{D4420B71-B087-487F-91EC-AB913A60D7D8}.Debug|x86.Build.0 = Debug|Any CPU
		{D4420B71-B087-487F-91EC-AB913A60D7D8}.ExportDebug|Any CPU.ActiveCfg = Debug|Any CPU
		{D4420B71-B087-487F-91EC-AB913A60D7D8}.ExportDebug|Any CPU.Build.0 = Debug|Any CPU
		{D4420B71-B087-487F-91EC-AB913A60D7D8}.ExportDebug|x64.ActiveCfg = ExportDebug|Any CPU
		{D4420B71-B087-487F-91EC-AB913A60D7D8}.ExportDebug|x64.Build.0 = ExportDebug|Any CPU
		{D4420B71-B087-487F-91EC-AB913A60D7D8}.ExportDebug|x86.ActiveCfg = ExportDebug|Any CPU
		{D4420B71-B087-487F-91EC-AB913A60D7D8}.ExportDebug|x86.Build.0 = ExportDebug|Any CPU
		{D4420B71-B087-487F-91EC-AB913A60D7D8}.ExportRelease|Any CPU.ActiveCfg = Release|Any CPU
		{D4420B71-B087-487F-91EC-AB913A60D7D8}.ExportRelease|Any CPU.Build.0 = Release|Any CPU
		{D4420B71-B087-487F-91EC-AB913A60D7D8}.ExportRelease|x64.ActiveCfg = ExportRelease|Any CPU
		{D4420B71-B087-487F-91EC-AB913A60D7D8}.ExportRelease|x64.Build.0 = ExportRelease|Any CPU
		{D4420B71-B087-487F-91EC-AB913A60D7D8}.ExportRelease|x86.ActiveCfg = ExportRelease|Any CPU
		{D4420B71-B087-487F-91EC-AB913A60D7D8}.ExportRelease|x86.Build.0 = ExportRelease|Any CPU
		{D4420B71-B087-487F-91EC-AB913A60D7D8}.Release|Any CPU.ActiveCfg = Release|Any CPU
		{D4420B71-B087-487F-91EC-AB913A60D7D8}.Release|Any CPU.Build.0 = Release|Any CPU
		{D4420B71-B087-487F-91EC-AB913A60D7D8}.Release|x64.ActiveCfg = Release|Any CPU
		{D4420B71-B087-487F-91EC-AB913A60D7D8}.Release|x64.Build.0 = Release|Any CPU
		{D4420B71-B087-487F-91EC-AB913A60D7D8}.Release|x86.ActiveCfg = Release|Any CPU
		{D4420B71-B087-487F-91EC-AB913A60D7D8}.Release|x86.Build.0 = Release|Any CPU
		{C4E8D263-1B56-4D9A-A7F2-8C3B6E0D9145}.Debug|Any CPU.ActiveCfg = Debug|Any CPU
		{C4E8D263-1B56-4D9A-A7F2-8C3B6E0D9145}.Debug|Any CPU.Build.0 = Debug|Any CPU
		{C4E8D263-1B56-4D9A-A7F2-8C3B6E0D9145}.Debug|x64.ActiveCfg = Debug|Any CPU
		{C4E8D263-1B56-4D9A-A7F2-8C3B6E0D9145}.Debug|x64.Build.0 = Debug|Any CPU
		{C4E8D263-1B56-4D9A-A7F2-8C3B6E0D9145}.Debug|x86.ActiveCfg = Debug|Any CPU
		{C4E8D263-1B56-4D9A-A7F2-8C3B6E0D9145}.Debug|x86.Build.0 = Debug|Any CPU
		{C4E8D263-1B56-4D9A-A7F2-8C3B6E0D9145}.ExportDebug|Any CPU.ActiveCfg = Debug|Any CPU
		{C4E8D263-1B56-4D9A-A7F2-8C3B6E0D9145}.ExportDebug|Any CPU.Build.0 = Debug|Any CPU
		{C4E8D263-1B56-4D9A-A7F2-8C3B6E0D9145}.ExportDebug|x64.ActiveCfg = Debug|Any CPU
		{C4E8D263-1B56-4D9A-A7F2-8C3B6E0D9145}.ExportDebug|x64.Build.0 = Debug|Any CPU
		{C4E8D263-1B56-4D9A-A7F2-8C3B6E0D9145}.ExportDebug|x86.ActiveCfg = Debug|Any CPU
		{C4E8D263-1B56-4D9A-A7F2-8C3B6E0D9145}.ExportDebug|x86.Build.0 = Debug|Any CPU
		{C4E8D263-1B56-4D9A-A7F2-8C3B6E0D9145}.ExportRelease|Any CPU.ActiveCfg = Release|Any CPU
		{C4E8D263-1B56-4D9A-A7F2-8C3B6E0D9145}.ExportRelease|Any CPU.Build.0 = Release|Any CPU
		{C4E8D263-1B56-4D9A-A7F2-8C3B6E0D9145}.ExportRelease|x64.ActiveCfg = Release|Any CPU
		{C4E8D263-1B56-4D9A-A7F2-8C3B6E0D9145}.ExportRelease|x64.Build.0 = Release|Any CPU
		{C4E8D263-1B56-4D9A-A7F2-8C3B6E0D9145}.ExportRelease|x86.ActiveCfg = Release|Any CPU
		{C4E8D263-1B56-4D9A-A7F2-8C3B6E0D9145}.ExportRelease|x86.Build.0 = Release|Any CPU
		{C4E8D263-1B56-4D9A-A7F2-8C3B6E0D9145}.Release|Any CPU.ActiveCfg = Release|Any CPU
		{C4E8D263-1B56-4D9A-A7F2-8C3B6E0D9145}.Release|Any CPU.Build.0 = Release|Any CPU
		{C4E8D263-1B56-4D9A-A7F2-8C3B6E0D9145}.Release|x64.ActiveCfg = Release|Any CPU
		{C4E8D263-1B56-4D9A-A7F2-8C3B6E0D9145}.Release|x64.Build.0 = Release|Any CPU
		{C4E8D263-1B56-4D9A-A7F2-8C3B6E0D9145}.Release|x86.ActiveCfg = Release|Any CPU
		{C4E8D263-1B56-4D9A-A7F2-8C3B6E0D9145}.Release|x86.Build.0 = Release|Any CPU
		{38EFC339-18E8-4BD3-9049-9E45AC073232}.Debug|Any CPU.ActiveCfg = Debug|Any CPU
		{38EFC339-18E8-4BD3-9049-9E45AC073232}.Debug|Any CPU.Build.0 = Debug|Any CPU
		{38EFC339-18E8-4BD3-9049-9E45AC073232}.Debug|x64.ActiveCfg = Debug|Any CPU
		{38EFC339-18E8-4BD3-9049-9E45AC073232}.Debug|x64.Build.0 = Debug|Any CPU
		{38EFC339-18E8-4BD3-9049-9E45AC073232}.Debug|x86.ActiveCfg = Debug|Any CPU
		{38EFC339-18E8-4BD3-9049-9E45AC073232}.Debug|x86.Build.0 = Debug|Any CPU
		{38EFC339-18E8-4BD3-9049-9E45AC073232}.ExportDebug|Any CPU.ActiveCfg = Debug|Any CPU
		{38EFC339-18E8-4BD3-9049-9E45AC073232}.ExportDebug|Any CPU.Build.0 = Debug|Any CPU
		{38EFC339-18E8-4BD3-9049-9E45AC073232}.ExportDebug|x64.ActiveCfg = Debug|Any CPU
		{38EFC339-18E8-4BD3-9049-9E45AC073232}.ExportDebug|x64.Build.0 = Debug|Any CPU
		{38EFC339-18E8-4BD3-9049-9E45AC073232}.ExportDebug|x86.ActiveCfg = Debug|Any CPU
		{38EFC339-18E8-4BD3-9049-9E45AC073232}.ExportDebug|x86.Build.0 = Debug|Any CPU
		{38EFC339-18E8-4BD3-9049-9E45AC073232}.ExportRelease|Any CPU.ActiveCfg = Debug|Any CPU
		{38EFC339-18E8-4BD3-9049-9E45AC073232}.ExportRelease|Any CPU.Build.0 = Debug|Any CPU
		{38EFC339-18E8-4BD3-9049-9E45AC073232}.ExportRelease|x64.ActiveCfg = Debug|Any CPU
		{38EFC339-18E8-4BD3-9049-9E45AC073232}.ExportRelease|x64.Build.0 = Debug|Any CPU
		{38EFC339-18E8-4BD3-9049-9E45AC073232}.ExportRelease|x86.ActiveCfg = Debug|Any CPU
		{38EFC339-18E8-4BD3-9049-9E45AC073232}.ExportRelease|x86.Build.0 = Debug|Any CPU
		{38EFC339-18E8-4BD3-9049-9E45AC073232}.Release|Any CPU.ActiveCfg = Release|Any CPU
		{38EFC339-18E8-4BD3-9049-9E45AC073232}.Release|Any CPU.Build.0 = Release|Any CPU
		{38EFC339-18E8-4BD3-9049-9E45AC073232}.Release|x64.ActiveCfg = Release|Any CPU
		{38EFC339-18E8-4BD3-9049-9E45AC073232}.Release|x64.Build.0 = Release|Any CPU
		{38EFC339-18E8-4BD3-9049-9E45AC073232}.Release|x86.ActiveCfg = Release|Any CPU
		{38EFC339-18E8-4BD3-9049-9E45AC073232}.Release|x86.Build.0 = Release|Any CPU
		{5841AFC5-4EA6-419E-8943-BFD548BA5094}.Debug|Any CPU.ActiveCfg = Debug|Any CPU
		{5841AFC5-4EA6-419E-8943-BFD548BA5094}.Debug|Any CPU.Build.0 = Debug|Any CPU
		{5841AFC5-4EA6-419E-8943-BFD548BA5094}.Debug|x64.ActiveCfg = Debug|Any CPU
		{5841AFC5-4EA6-419E-8943-BFD548BA5094}.Debug|x64.Build.0 = Debug|Any CPU
		{5841AFC5-4EA6-419E-8943-BFD548BA5094}.Debug|x86.ActiveCfg = Debug|Any CPU
		{5841AFC5-4EA6-419E-8943-BFD548BA5094}.Debug|x86.Build.0 = Debug|Any CPU
		{5841AFC5-4EA6-419E-8943-BFD548BA5094}.ExportDebug|Any CPU.ActiveCfg = Debug|Any CPU
		{5841AFC5-4EA6-419E-8943-BFD548BA5094}.ExportDebug|Any CPU.Build.0 = Debug|Any CPU
		{5841AFC5-4EA6-419E-8943-BFD548BA5094}.ExportDebug|x64.ActiveCfg = Debug|Any CPU
		{5841AFC5-4EA6-419E-8943-BFD548BA5094}.ExportDebug|x64.Build.0 = Debug|Any CPU
		{5841AFC5-4EA6-419E-8943-BFD548BA5094}.ExportDebug|x86.ActiveCfg = Debug|Any CPU
		{5841AFC5-4EA6-419E-8943-BFD548BA5094}.ExportDebug|x86.Build.0 = Debug|Any CPU
		{5841AFC5-4EA6-419E-8943-BFD548BA5094}.ExportRelease|Any CPU.ActiveCfg = Debug|Any CPU
		{5841AFC5-4EA6-419E-8943-BFD548BA5094}.ExportRelease|Any CPU.Build.0 = Debug|Any CPU
		{5841AFC5-4EA6-419E-8943-BFD548BA5094}.ExportRelease|x64.ActiveCfg = Debug|Any CPU
		{5841AFC5-4EA6-419E-8943-BFD548BA5094}.ExportRelease|x64.Build.0 = Debug|Any CPU
		{5841AFC5-4EA6-419E-8943-BFD548BA5094}.ExportRelease|x86.ActiveCfg = Debug|Any CPU
		{5841AFC5-4EA6-419E-8943-BFD548BA5094}.ExportRelease|x86.Build.0 = Debug|Any CPU
		{5841AFC5-4EA6-419E-8943-BFD548BA5094}.Release|Any CPU.ActiveCfg = Release|Any CPU
		{5841AFC5-4EA6-419E-8943-BFD548BA5094}.Release|Any CPU.Build.0 = Release|Any CPU
		{5841AFC5-4EA6-419E-8943-BFD548BA5094}.Release|x64.ActiveCfg = Release|Any CPU
		{5841AFC5-4EA6-419E-8943-BFD548BA5094}.Release|x64.Build.0 = Release|Any CPU
		{5841AFC5-4EA6-419E-8943-BFD548BA5094}.Release|x86.ActiveCfg = Release|Any CPU
		{5841AFC5-4EA6-419E-8943-BFD548BA5094}.Release|x86.Build.0 = Release|Any CPU
		{55FAB463-EB53-4CDD-96F1-2A3223682626}.Debug|Any CPU.ActiveCfg = Debug|Any CPU
		{55FAB463-EB53-4CDD-96F1-2A3223682626}.Debug|Any CPU.Build.0 = Debug|Any CPU
		{55FAB463-EB53-4CDD-96F1-2A3223682626}.Debug|x64.ActiveCfg = Debug|Any CPU
		{55FAB463-EB53-4CDD-96F1-2A3223682626}.Debug|x64.Build.0 = Debug|Any CPU
		{55FAB463-EB53-4CDD-96F1-2A3223682626}.Debug|x86.ActiveCfg = Debug|Any CPU
		{55FAB463-EB53-4CDD-96F1-2A3223682626}.Debug|x86.Build.0 = Debug|Any CPU
		{55FAB463-EB53-4CDD-96F1-2A3223682626}.ExportDebug|Any CPU.ActiveCfg = Debug|Any CPU
		{55FAB463-EB53-4CDD-96F1-2A3223682626}.ExportDebug|Any CPU.Build.0 = Debug|Any CPU
		{55FAB463-EB53-4CDD-96F1-2A3223682626}.ExportDebug|x64.ActiveCfg = Debug|Any CPU
		{55FAB463-EB53-4CDD-96F1-2A3223682626}.ExportDebug|x64.Build.0 = Debug|Any CPU
		{55FAB463-EB53-4CDD-96F1-2A3223682626}.ExportDebug|x86.ActiveCfg = Debug|Any CPU
		{55FAB463-EB53-4CDD-96F1-2A3223682626}.ExportDebug|x86.Build.0 = Debug|Any CPU
		{55FAB463-EB53-4CDD-96F1-2A3223682626}.ExportRelease|Any CPU.ActiveCfg = Debug|Any CPU
		{55FAB463-EB53-4CDD-96F1-2A3223682626}.ExportRelease|Any CPU.Build.0 = Debug|Any CPU
		{55FAB463-EB53-4CDD-96F1-2A3223682626}.ExportRelease|x64.ActiveCfg = Debug|Any CPU
		{55FAB463-EB53-4CDD-96F1-2A3223682626}.ExportRelease|x64.Build.0 = Debug|Any CPU
		{55FAB463-EB53-4CDD-96F1-2A3223682626}.ExportRelease|x86.ActiveCfg = Debug|Any CPU
		{55FAB463-EB53-4CDD-96F1-2A3223682626}.ExportRelease|x86.Build.0 = Debug|Any CPU
		{55FAB463-EB53-4CDD-96F1-2A3223682626}.Release|Any CPU.ActiveCfg = Release|Any CPU
		{55FAB463-EB53-4CDD-96F1-2A3223682626}.Release|Any CPU.Build.0 = Release|Any CPU
		{55FAB463-EB53-4CDD-96F1-2A3223682626}.Release|x64.ActiveCfg = Release|Any CPU
		{55FAB463-EB53-4CDD-96F1-2A3223682626}.Release|x64.Build.0 = Release|Any CPU
		{55FAB463-EB53-4CDD-96F1-2A3223682626}.Release|x86.ActiveCfg = Release|Any CPU
		{55FAB463-EB53-4CDD-96F1-2A3223682626}.Release|x86.Build.0 = Release|Any CPU
		{30CCC4B2-4F39-42F5-9B16-4C8E4C1B5DD0}.Debug|Any CPU.ActiveCfg = Debug|Any CPU
		{30CCC4B2-4F39-42F5-9B16-4C8E4C1B5DD0}.Debug|Any CPU.Build.0 = Debug|Any CPU
		{30CCC4B2-4F39-42F5-9B16-4C8E4C1B5DD0}.Debug|x64.ActiveCfg = Debug|Any CPU
		{30CCC4B2-4F39-42F5-9B16-4C8E4C1B5DD0}.Debug|x64.Build.0 = Debug|Any CPU
		{30CCC4B2-4F39-42F5-9B16-4C8E4C1B5DD0}.Debug|x86.ActiveCfg = Debug|Any CPU
		{30CCC4B2-4F39-42F5-9B16-4C8E4C1B5DD0}.Debug|x86.Build.0 = Debug|Any CPU
		{30CCC4B2-4F39-42F5-9B16-4C8E4C1B5DD0}.ExportDebug|Any CPU.ActiveCfg = Debug|Any CPU
		{30CCC4B2-4F39-42F5-9B16-4C8E4C1B5DD0}.ExportDebug|Any CPU.Build.0 = Debug|Any CPU
		{30CCC4B2-4F39-42F5-9B16-4C8E4C1B5DD0}.ExportDebug|x64.ActiveCfg = Debug|Any CPU
		{30CCC4B2-4F39-42F5-9B16-4C8E4C1B5DD0}.ExportDebug|x64.Build.0 = Debug|Any CPU
		{30CCC4B2-4F39-42F5-9B16-4C8E4C1B5DD0}.ExportDebug|x86.ActiveCfg = Debug|Any CPU
		{30CCC4B2-4F39-42F5-9B16-4C8E4C1B5DD0}.ExportDebug|x86.Build.0 = Debug|Any CPU
		{30CCC4B2-4F39-42F5-9B16-4C8E4C1B5DD0}.ExportRelease|Any CPU.ActiveCfg = Release|Any CPU
		{30CCC4B2-4F39-42F5-9B16-4C8E4C1B5DD0}.ExportRelease|Any CPU.Build.0 = Release|Any CPU
		{30CCC4B2-4F39-42F5-9B16-4C8E4C1B5DD0}.ExportRelease|x64.ActiveCfg = Release|Any CPU
		{30CCC4B2-4F39-42F5-9B16-4C8E4C1B5DD0}.ExportRelease|x64.Build.0 = Release|Any CPU
		{30CCC4B2-4F39-42F5-9B16-4C8E4C1B5DD0}.ExportRelease|x86.ActiveCfg = Release|Any CPU
		{30CCC4B2-4F39-42F5-9B16-4C8E4C1B5DD0}.ExportRelease|x86.Build.0 = Release|Any CPU
		{30CCC4B2-4F39-42F5-9B16-4C8E4C1B5DD0}.Release|Any CPU.ActiveCfg = Release|Any CPU
		{30CCC4B2-4F39-42F5-9B16-4C8E4C1B5DD0}.Release|Any CPU.Build.0 = Release|Any CPU
		{30CCC4B2-4F39-42F5-9B16-4C8E4C1B5DD0}.Release|x64.ActiveCfg = Release|Any CPU
		{30CCC4B2-4F39-42F5-9B16-4C8E4C1B5DD0}.Release|x64.Build.0 = Release|Any CPU
		{30CCC4B2-4F39-42F5-9B16-4C8E4C1B5DD0}.Release|x86.ActiveCfg = Release|Any CPU
		{30CCC4B2-4F39-42F5-9B16-4C8E4C1B5DD0}.Release|x86.Build.0 = Release|Any CPU
		{4AFC06B4-800A-4A68-9D4C-D361E8D5AF22}.Debug|Any CPU.ActiveCfg = Debug|Any CPU
		{4AFC06B4-800A-4A68-9D4C-D361E8D5AF22}.Debug|Any CPU.Build.0 = Debug|Any CPU
		{4AFC06B4-800A-4A68-9D4C-D361E8D5AF22}.Debug|x64.ActiveCfg = Debug|Any CPU
		{4AFC06B4-800A-4A68-9D4C-D361E8D5AF22}.Debug|x64.Build.0 = Debug|Any CPU
		{4AFC06B4-800A-4A68-9D4C-D361E8D5AF22}.Debug|x86.ActiveCfg = Debug|Any CPU
		{4AFC06B4-800A-4A68-9D4C-D361E8D5AF22}.Debug|x86.Build.0 = Debug|Any CPU
		{4AFC06B4-800A-4A68-9D4C-D361E8D5AF22}.ExportDebug|Any CPU.ActiveCfg = Debug|Any CPU
		{4AFC06B4-800A-4A68-9D4C-D361E8D5AF22}.ExportDebug|Any CPU.Build.0 = Debug|Any CPU
		{4AFC06B4-800A-4A68-9D4C-D361E8D5AF22}.ExportDebug|x64.ActiveCfg = Debug|Any CPU
		{4AFC06B4-800A-4A68-9D4C-D361E8D5AF22}.ExportDebug|x64.Build.0 = Debug|Any CPU
		{4AFC06B4-800A-4A68-9D4C-D361E8D5AF22}.ExportDebug|x86.ActiveCfg = Debug|Any CPU
		{4AFC06B4-800A-4A68-9D4C-D361E8D5AF22}.ExportDebug|x86.Build.0 = Debug|Any CPU
		{4AFC06B4-800A-4A68-9D4C-D361E8D5AF22}.ExportRelease|Any CPU.ActiveCfg = Release|Any CPU
		{4AFC06B4-800A-4A68-9D4C-D361E8D5AF22}.ExportRelease|Any CPU.Build.0 = Release|Any CPU
		{4AFC06B4-800A-4A68-9D4C-D361E8D5AF22}.ExportRelease|x64.ActiveCfg = Release|Any CPU
		{4AFC06B4-800A-4A68-9D4C-D361E8D5AF22}.ExportRelease|x64.Build.0 = Release|Any CPU
		{4AFC06B4-800A-4A68-9D4C-D361E8D5AF22}.ExportRelease|x86.ActiveCfg = Release|Any CPU
		{4AFC06B4-800A-4A68-9D4C-D361E8D5AF22}.ExportRelease|x86.Build.0 = Release|Any CPU
		{4AFC06B4-800A-4A68-9D4C-D361E8D5AF22}.Release|Any CPU.ActiveCfg = Release|Any CPU
		{4AFC06B4-800A-4A68-9D4C-D361E8D5AF22}.Release|Any CPU.Build.0 = Release|Any CPU
		{4AFC06B4-800A-4A68-9D4C-D361E8D5AF22}.Release|x64.ActiveCfg = Release|Any CPU
		{4AFC06B4-800A-4A68-9D4C-D361E8D5AF22}.Release|x64.Build.0 = Release|Any CPU
		{4AFC06B4-800A-4A68-9D4C-D361E8D5AF22}.Release|x86.ActiveCfg = Release|Any CPU
		{4AFC06B4-800A-4A68-9D4C-D361E8D5AF22}.Release|x86.Build.0 = Release|Any CPU
		{7A3F22D5-F92F-47F3-B001-3DA1A97ECF2F}.Debug|Any CPU.ActiveCfg = Debug|Any CPU
		{7A3F22D5-F92F-47F3-B001-3DA1A97ECF2F}.Debug|Any CPU.Build.0 = Debug|Any CPU
		{7A3F22D5-F92F-47F3-B001-3DA1A97ECF2F}.Debug|x64.ActiveCfg = Debug|Any CPU
		{7A3F22D5-F92F-47F3-B001-3DA1A97ECF2F}.Debug|x64.Build.0 = Debug|Any CPU
		{7A3F22D5-F92F-47F3-B001-3DA1A97ECF2F}.Debug|x86.ActiveCfg = Debug|Any CPU
		{7A3F22D5-F92F-47F3-B001-3DA1A97ECF2F}.Debug|x86.Build.0 = Debug|Any CPU
		{7A3F22D5-F92F-47F3-B001-3DA1A97ECF2F}.ExportDebug|Any CPU.ActiveCfg = Debug|Any CPU
		{7A3F22D5-F92F-47F3-B001-3DA1A97ECF2F}.ExportDebug|Any CPU.Build.0 = Debug|Any CPU
		{7A3F22D5-F92F-47F3-B001-3DA1A97ECF2F}.ExportDebug|x64.ActiveCfg = Debug|Any CPU
		{7A3F22D5-F92F-47F3-B001-3DA1A97ECF2F}.ExportDebug|x64.Build.0 = Debug|Any CPU
		{7A3F22D5-F92F-47F3-B001-3DA1A97ECF2F}.ExportDebug|x86.ActiveCfg = Debug|Any CPU
		{7A3F22D5-F92F-47F3-B001-3DA1A97ECF2F}.ExportDebug|x86.Build.0 = Debug|Any CPU
		{7A3F22D5-F92F-47F3-B001-3DA1A97ECF2F}.ExportRelease|Any CPU.ActiveCfg = Debug|Any CPU
		{7A3F22D5-F92F-47F3-B001-3DA1A97ECF2F}.ExportRelease|Any CPU.Build.0 = Debug|Any CPU
		{7A3F22D5-F92F-47F3-B001-3DA1A97ECF2F}.ExportRelease|x64.ActiveCfg = Debug|Any CPU
		{7A3F22D5-F92F-47F3-B001-3DA1A97ECF2F}.ExportRelease|x64.Build.0 = Debug|Any CPU
		{7A3F22D5-F92F-47F3-B001-3DA1A97ECF2F}.ExportRelease|x86.ActiveCfg = Debug|Any CPU
		{7A3F22D5-F92F-47F3-B001-3DA1A97ECF2F}.ExportRelease|x86.Build.0 = Debug|Any CPU
		{7A3F22D5-F92F-47F3-B001-3DA1A97ECF2F}.Release|Any CPU.ActiveCfg = Release|Any CPU
		{7A3F22D5-F92F-47F3-B001-3DA1A97ECF2F}.Release|Any CPU.Build.0 = Release|Any CPU
		{7A3F22D5-F92F-47F3-B001-3DA1A97ECF2F}.Release|x64.ActiveCfg = Release|Any CPU
		{7A3F22D5-F92F-47F3-B001-3DA1A97ECF2F}.Release|x64.Build.0 = Release|Any CPU
		{7A3F22D5-F92F-47F3-B001-3DA1A97ECF2F}.Release|x86.ActiveCfg = Release|Any CPU
		{7A3F22D5-F92F-47F3-B001-3DA1A97ECF2F}.Release|x86.Build.0 = Release|Any CPU
		{298A974F-C5AD-4345-B6A5-CECE4B5EF7BA}.Debug|Any CPU.ActiveCfg = Debug|Any CPU
		{298A974F-C5AD-4345-B6A5-CECE4B5EF7BA}.Debug|Any CPU.Build.0 = Debug|Any CPU
		{298A974F-C5AD-4345-B6A5-CECE4B5EF7BA}.Debug|x64.ActiveCfg = Debug|Any CPU
		{298A974F-C5AD-4345-B6A5-CECE4B5EF7BA}.Debug|x64.Build.0 = Debug|Any CPU
		{298A974F-C5AD-4345-B6A5-CECE4B5EF7BA}.Debug|x86.ActiveCfg = Debug|Any CPU
		{298A974F-C5AD-4345-B6A5-CECE4B5EF7BA}.Debug|x86.Build.0 = Debug|Any CPU
		{298A974F-C5AD-4345-B6A5-CECE4B5EF7BA}.ExportDebug|Any CPU.ActiveCfg = Debug|Any CPU
		{298A974F-C5AD-4345-B6A5-CECE4B5EF7BA}.ExportDebug|Any CPU.Build.0 = Debug|Any CPU
		{298A974F-C5AD-4345-B6A5-CECE4B5EF7BA}.ExportDebug|x64.ActiveCfg = Debug|Any CPU
		{298A974F-C5AD-4345-B6A5-CECE4B5EF7BA}.ExportDebug|x64.Build.0 = Debug|Any CPU
		{298A974F-C5AD-4345-B6A5-CECE4B5EF7BA}.ExportDebug|x86.ActiveCfg = Debug|Any CPU
		{298A974F-C5AD-4345-B6A5-CECE4B5EF7BA}.ExportDebug|x86.Build.0 = Debug|Any CPU
		{298A974F-C5AD-4345-B6A5-CECE4B5EF7BA}.ExportRelease|Any CPU.ActiveCfg = Debug|Any CPU
		{298A974F-C5AD-4345-B6A5-CECE4B5EF7BA}.ExportRelease|Any CPU.Build.0 = Debug|Any CPU
		{298A974F-C5AD-4345-B6A5-CECE4B5EF7BA}.ExportRelease|x64.ActiveCfg = Debug|Any CPU
		{298A974F-C5AD-4345-B6A5-CECE4B5EF7BA}.ExportRelease|x64.Build.0 = Debug|Any CPU
		{298A974F-C5AD-4345-B6A5-CECE4B5EF7BA}.ExportRelease|x86.ActiveCfg = Debug|Any CPU
		{298A974F-C5AD-4345-B6A5-CECE4B5EF7BA}.ExportRelease|x86.Build.0 = Debug|Any CPU
		{298A974F-C5AD-4345-B6A5-CECE4B5EF7BA}.Release|Any CPU.ActiveCfg = Release|Any CPU
		{298A974F-C5AD-4345-B6A5-CECE4B5EF7BA}.Release|Any CPU.Build.0 = Release|Any CPU
		{298A974F-C5AD-4345-B6A5-CECE4B5EF7BA}.Release|x64.ActiveCfg = Release|Any CPU
		{298A974F-C5AD-4345-B6A5-CECE4B5EF7BA}.Release|x64.Build.0 = Release|Any CPU
		{298A974F-C5AD-4345-B6A5-CECE4B5EF7BA}.Release|x86.ActiveCfg = Release|Any CPU
		{298A974F-C5AD-4345-B6A5-CECE4B5EF7BA}.Release|x86.Build.0 = Release|Any CPU
		{3E28BA9E-CCAC-4FD9-974C-46E5370A3199}.Debug|Any CPU.ActiveCfg = Debug|Any CPU
		{3E28BA9E-CCAC-4FD9-974C-46E5370A3199}.Debug|Any CPU.Build.0 = Debug|Any CPU
		{3E28BA9E-CCAC-4FD9-974C-46E5370A3199}.Debug|x64.ActiveCfg = Debug|Any CPU
		{3E28BA9E-CCAC-4FD9-974C-46E5370A3199}.Debug|x64.Build.0 = Debug|Any CPU
		{3E28BA9E-CCAC-4FD9-974C-46E5370A3199}.Debug|x86.ActiveCfg = Debug|Any CPU
		{3E28BA9E-CCAC-4FD9-974C-46E5370A3199}.Debug|x86.Build.0 = Debug|Any CPU
		{3E28BA9E-CCAC-4FD9-974C-46E5370A3199}.ExportDebug|Any CPU.ActiveCfg = Debug|Any CPU
		{3E28BA9E-CCAC-4FD9-974C-46E5370A3199}.ExportDebug|Any CPU.Build.0 = Debug|Any CPU
		{3E28BA9E-CCAC-4FD9-974C-46E5370A3199}.ExportDebug|x64.ActiveCfg = Debug|Any CPU
		{3E28BA9E-CCAC-4FD9-974C-46E5370A3199}.ExportDebug|x64.Build.0 = Debug|Any CPU
		{3E28BA9E-CCAC-4FD9-974C-46E5370A3199}.ExportDebug|x86.ActiveCfg = Debug|Any CPU
		{3E28BA9E-CCAC-4FD9-974C-46E5370A3199}.ExportDebug|x86.Build.0 = Debug|Any CPU
		{3E28BA9E-CCAC-4FD9-974C-46E5370A3199}.ExportRelease|Any CPU.ActiveCfg = Debug|Any CPU
		{3E28BA9E-CCAC-4FD9-974C-46E5370A3199}.ExportRelease|Any CPU.Build.0 = Debug|Any CPU
		{3E28BA9E-CCAC-4FD9-974C-46E5370A3199}.ExportRelease|x64.ActiveCfg = Debug|Any CPU
		{3E28BA9E-CCAC-4FD9-974C-46E5370A3199}.ExportRelease|x64.Build.0 = Debug|Any CPU
		{3E28BA9E-CCAC-4FD9-974C-46E5370A3199}.ExportRelease|x86.ActiveCfg = Debug|Any CPU
		{3E28BA9E-CCAC-4FD9-974C-46E5370A3199}.ExportRelease|x86.Build.0 = Debug|Any CPU
		{3E28BA9E-CCAC-4FD9-974C-46E5370A3199}.Release|Any CPU.ActiveCfg = Release|Any CPU
		{3E28BA9E-CCAC-4FD9-974C-46E5370A3199}.Release|Any CPU.Build.0 = Release|Any CPU
		{3E28BA9E-CCAC-4FD9-974C-46E5370A3199}.Release|x64.ActiveCfg = Release|Any CPU
		{3E28BA9E-CCAC-4FD9-974C-46E5370A3199}.Release|x64.Build.0 = Release|Any CPU
		{3E28BA9E-CCAC-4FD9-974C-46E5370A3199}.Release|x86.ActiveCfg = Release|Any CPU
		{3E28BA9E-CCAC-4FD9-974C-46E5370A3199}.Release|x86.Build.0 = Release|Any CPU
		{1734571E-80EC-43C9-969A-7D749BD77B46}.Debug|Any CPU.ActiveCfg = Debug|Any CPU
		{1734571E-80EC-43C9-969A-7D749BD77B46}.Debug|Any CPU.Build.0 = Debug|Any CPU
		{1734571E-80EC-43C9-969A-7D749BD77B46}.Debug|x64.ActiveCfg = Debug|Any CPU
		{1734571E-80EC-43C9-969A-7D749BD77B46}.Debug|x64.Build.0 = Debug|Any CPU
		{1734571E-80EC-43C9-969A-7D749BD77B46}.Debug|x86.ActiveCfg = Debug|Any CPU
		{1734571E-80EC-43C9-969A-7D749BD77B46}.Debug|x86.Build.0 = Debug|Any CPU
		{1734571E-80EC-43C9-969A-7D749BD77B46}.ExportDebug|Any CPU.ActiveCfg = Debug|Any CPU
		{1734571E-80EC-43C9-969A-7D749BD77B46}.ExportDebug|Any CPU.Build.0 = Debug|Any CPU
		{1734571E-80EC-43C9-969A-7D749BD77B46}.ExportDebug|x64.ActiveCfg = Debug|Any CPU
		{1734571E-80EC-43C9-969A-7D749BD77B46}.ExportDebug|x64.Build.0 = Debug|Any CPU
		{1734571E-80EC-43C9-969A-7D749BD77B46}.ExportDebug|x86.ActiveCfg = Debug|Any CPU
		{1734571E-80EC-43C9-969A-7D749BD77B46}.ExportDebug|x86.Build.0 = Debug|Any CPU
		{1734571E-80EC-43C9-969A-7D749BD77B46}.ExportRelease|Any CPU.ActiveCfg = Debug|Any CPU
		{1734571E-80EC-43C9-969A-7D749BD77B46}.ExportRelease|Any CPU.Build.0 = Debug|Any CPU
		{1734571E-80EC-43C9-969A-7D749BD77B46}.ExportRelease|x64.ActiveCfg = Debug|Any CPU
		{1734571E-80EC-43C9-969A-7D749BD77B46}.ExportRelease|x64.Build.0 = Debug|Any CPU
		{1734571E-80EC-43C9-969A-7D749BD77B46}.ExportRelease|x86.ActiveCfg = Debug|Any CPU
		{1734571E-80EC-43C9-969A-7D749BD77B46}.ExportRelease|x86.Build.0 = Debug|Any CPU
		{1734571E-80EC-43C9-969A-7D749BD77B46}.Release|Any CPU.ActiveCfg = Release|Any CPU
		{1734571E-80EC-43C9-969A-7D749BD77B46}.Release|Any CPU.Build.0 = Release|Any CPU
		{1734571E-80EC-43C9-969A-7D749BD77B46}.Release|x64.ActiveCfg = Release|Any CPU
		{1734571E-80EC-43C9-969A-7D749BD77B46}.Release|x64.Build.0 = Release|Any CPU
		{1734571E-80EC-43C9-969A-7D749BD77B46}.Release|x86.ActiveCfg = Release|Any CPU
		{1734571E-80EC-43C9-969A-7D749BD77B46}.Release|x86.Build.0 = Release|Any CPU
	EndGlobalSection
	GlobalSection(SolutionProperties) = preSolution
		HideSolutionNode = FALSE
	EndGlobalSection
	GlobalSection(NestedProjects) = preSolution
		{9B27A4F1-7A3D-4C6F-9E81-3F0A2B7C5D11} = {827E0CD3-B72D-47B6-A68D-7590B98EB39B}
		{C4E8D263-1B56-4D9A-A7F2-8C3B6E0D9145} = {0AB3BF05-4346-4AA6-1389-037BE0695223}
		{38EFC339-18E8-4BD3-9049-9E45AC073232} = {827E0CD3-B72D-47B6-A68D-7590B98EB39B}
		{5841AFC5-4EA6-419E-8943-BFD548BA5094} = {0AB3BF05-4346-4AA6-1389-037BE0695223}
		{55FAB463-EB53-4CDD-96F1-2A3223682626} = {07C2787E-EAC7-C090-1BA3-A61EC2A24D84}
		{30CCC4B2-4F39-42F5-9B16-4C8E4C1B5DD0} = {827E0CD3-B72D-47B6-A68D-7590B98EB39B}
		{4AFC06B4-800A-4A68-9D4C-D361E8D5AF22} = {0AB3BF05-4346-4AA6-1389-037BE0695223}
		{7A3F22D5-F92F-47F3-B001-3DA1A97ECF2F} = {827E0CD3-B72D-47B6-A68D-7590B98EB39B}
		{298A974F-C5AD-4345-B6A5-CECE4B5EF7BA} = {0AB3BF05-4346-4AA6-1389-037BE0695223}
		{3E28BA9E-CCAC-4FD9-974C-46E5370A3199} = {827E0CD3-B72D-47B6-A68D-7590B98EB39B}
		{1734571E-80EC-43C9-969A-7D749BD77B46} = {0AB3BF05-4346-4AA6-1389-037BE0695223}
	EndGlobalSection
EndGlobal
